{
  "version": 4,
  "terraform_version": "0.12.26",
  "serial": 6,
  "lineage": "7b945789-7753-a152-c9ef-5bf5dc59aa7d",
  "outputs": {},
  "resources": [
    {
      "mode": "managed",
      "type": "aws_vpc",
      "name": "my_vpc",
      "provider": "provider.aws",
      "instances": [
        {
          "schema_version": 1,
          "attributes": {
            "arn": "arn:aws:ec2:us-east-1:584112858472:vpc/vpc-07302d7e9f8aeabb3",
            "assign_generated_ipv6_cidr_block": false,
            "cidr_block": "10.0.0.0/16",
            "default_network_acl_id": "acl-0f1af24c63dba4556",
            "default_route_table_id": "rtb-09452ff6f415f230e",
            "default_security_group_id": "sg-0b40550e16ac07bcc",
            "dhcp_options_id": "dopt-03630eea43a7bfa3b",
            "enable_classiclink": false,
            "enable_classiclink_dns_support": false,
            "enable_dns_hostnames": false,
            "enable_dns_support": true,
            "id": "vpc-07302d7e9f8aeabb3",
            "instance_tenancy": "default",
            "ipv6_association_id": "",
            "ipv6_cidr_block": "",
            "main_route_table_id": "rtb-09452ff6f415f230e",
            "owner_id": "584112858472",
            "tags": {
              "Name": "my_vpc"
            },
            "tags_all": {
              "Name": "my_vpc"
            }
          },
          "private": "eyJzY2hlbWFfdmVyc2lvbiI6IjEifQ=="
        }
      ]
    }
  ]
}
